
Microsoft Visual Studio Solution File, Format Version 12.00
# Visual Studio 15
VisualStudioVersion = 15.0.28307.645
MinimumVisualStudioVersion = 10.0.40219.1
Project("{FAE04EC0-301F-11D3-BF4B-00C04F79EFBC}") = "RentalManagement", "RentalManagement.csproj", "{FDA55E6F-C1E9-408E-B834-D06E07558D87}"
EndProject
Global
	GlobalSection(SolutionConfigurationPlatforms) = preSolution
		Debug|Any CPU = Debug|Any CPU
		Release|Any CPU = Release|Any CPU
	EndGlobalSection
	GlobalSection(ProjectConfigurationPlatforms) = postSolution
		{FDA55E6F-C1E9-408E-B834-D06E07558D87}.Debug|Any CPU.ActiveCfg = Debug|Any CPU
		{FDA55E6F-C1E9-408E-B834-D06E07558D87}.Debug|Any CPU.Build.0 = Debug|Any CPU
		{FDA55E6F-C1E9-408E-B834-D06E07558D87}.Release|Any CPU.ActiveCfg = Release|Any CPU
		{FDA55E6F-C1E9-408E-B834-D06E07558D87}.Release|Any CPU.Build.0 = Release|Any CPU
	EndGlobalSection
	GlobalSection(SolutionProperties) = preSolution
		HideSolutionNode = FALSE
	EndGlobalSection
	GlobalSection(ExtensibilityGlobals) = postSolution
		SolutionGuid = {FC8E7F5F-FE27-4429-85AD-692D2CAD6EDD}
	EndGlobalSection
EndGlobal
